
Microsoft Visual Studio Solution File, Format Version 12.00
# Visual Studio Version 17
VisualStudioVersion = 17.12.35728.132
MinimumVisualStudioVersion = 10.0.40219.1
Project("{FAE04EC0-301F-11D3-BF4B-00C04F79EFBC}") = "AddressBookApp", "WebApplication1\AddressBookApp.csproj", "{2D9363CF-C9DF-4237-AA74-0FB607CB39B4}"
EndProject
Project("{FAE04EC0-301F-11D3-BF4B-00C04F79EFBC}") = "BussinessLayer", "BussinessLayer\BussinessLayer.csproj", "{BBAAB3A4-DF01-4D8A-9051-E9CC4FB3799F}"
EndProject
Project("{FAE04EC0-301F-11D3-BF4B-00C04F79EFBC}") = "RepositoryLayer", "RepositoryLayer\RepositoryLayer.csproj", "{D837FB28-7DFE-4CCD-850D-14961EDB88F0}"
EndProject
Project("{FAE04EC0-301F-11D3-BF4B-00C04F79EFBC}") = "ModelLayer", "ModelLayer\ModelLayer.csproj", "{135BF6EA-6A27-4499-AE90-C666BBD3A20E}"
EndProject
Global
	GlobalSection(SolutionConfigurationPlatforms) = preSolution
		Debug|Any CPU = Debug|Any CPU
		Release|Any CPU = Release|Any CPU
	EndGlobalSection
	GlobalSection(ProjectConfigurationPlatforms) = postSolution
		{2D9363CF-C9DF-4237-AA74-0FB607CB39B4}.Debug|Any CPU.ActiveCfg = Debug|Any CPU
		{2D9363CF-C9DF-4237-AA74-0FB607CB39B4}.Debug|Any CPU.Build.0 = Debug|Any CPU
		{2D9363CF-C9DF-4237-AA74-0FB607CB39B4}.Release|Any CPU.ActiveCfg = Release|Any CPU
		{2D9363CF-C9DF-4237-AA74-0FB607CB39B4}.Release|Any CPU.Build.0 = Release|Any CPU
		{BBAAB3A4-DF01-4D8A-9051-E9CC4FB3799F}.Debug|Any CPU.ActiveCfg = Debug|Any CPU
		{BBAAB3A4-DF01-4D8A-9051-E9CC4FB3799F}.Debug|Any CPU.Build.0 = Debug|Any CPU
		{BBAAB3A4-DF01-4D8A-9051-E9CC4FB3799F}.Release|Any CPU.ActiveCfg = Release|Any CPU
		{BBAAB3A4-DF01-4D8A-9051-E9CC4FB3799F}.Release|Any CPU.Build.0 = Release|Any CPU
		{D837FB28-7DFE-4CCD-850D-14961EDB88F0}.Debug|Any CPU.ActiveCfg = Debug|Any CPU
		{D837FB28-7DFE-4CCD-850D-14961EDB88F0}.Debug|Any CPU.Build.0 = Debug|Any CPU
		{D837FB28-7DFE-4CCD-850D-14961EDB88F0}.Release|Any CPU.ActiveCfg = Release|Any CPU
		{D837FB28-7DFE-4CCD-850D-14961EDB88F0}.Release|Any CPU.Build.0 = Release|Any CPU
		{135BF6EA-6A27-4499-AE90-C666BBD3A20E}.Debug|Any CPU.ActiveCfg = Debug|Any CPU
		{135BF6EA-6A27-4499-AE90-C666BBD3A20E}.Debug|Any CPU.Build.0 = Debug|Any CPU
		{135BF6EA-6A27-4499-AE90-C666BBD3A20E}.Release|Any CPU.ActiveCfg = Release|Any CPU
		{135BF6EA-6A27-4499-AE90-C666BBD3A20E}.Release|Any CPU.Build.0 = Release|Any CPU
	EndGlobalSection
	GlobalSection(SolutionProperties) = preSolution
		HideSolutionNode = FALSE
	EndGlobalSection
EndGlobal
